// !$*UTF8*$!
{
	archiveVersion = 1;
	classes = {
	};
	objectVersion = 46;
	objects = {

/* Begin PBXBuildFile section */
		0A12893C142FE03700FCE4AC /* textFieldMed.png in Resources */ = {isa = PBXBuildFile; fileRef = 0A12893A142FE03700FCE4AC /* textFieldMed.png */; };
		0A12893D142FE03700FCE4AC /* textFieldMed@2x.png in Resources */ = {isa = PBXBuildFile; fileRef = 0A12893B142FE03700FCE4AC /* textFieldMed@2x.png */; };
		0A268F26142F98A0009B9780 /* USPhoto.m in Sources */ = {isa = PBXBuildFile; fileRef = 0A268F25142F98A0009B9780 /* USPhoto.m */; };
		0A268F3E142F98D3009B9780 /* ASIAuthenticationDialog.m in Sources */ = {isa = PBXBuildFile; fileRef = 0A268F29142F98D3009B9780 /* ASIAuthenticationDialog.m */; };
		0A268F3F142F98D3009B9780 /* ASIDataCompressor.m in Sources */ = {isa = PBXBuildFile; fileRef = 0A268F2C142F98D3009B9780 /* ASIDataCompressor.m */; };
		0A268F40142F98D3009B9780 /* ASIDataDecompressor.m in Sources */ = {isa = PBXBuildFile; fileRef = 0A268F2E142F98D3009B9780 /* ASIDataDecompressor.m */; };
		0A268F41142F98D3009B9780 /* ASIDownloadCache.m in Sources */ = {isa = PBXBuildFile; fileRef = 0A268F30142F98D3009B9780 /* ASIDownloadCache.m */; };
		0A268F42142F98D3009B9780 /* ASIFormDataRequest.m in Sources */ = {isa = PBXBuildFile; fileRef = 0A268F32142F98D3009B9780 /* ASIFormDataRequest.m */; };
		0A268F43142F98D3009B9780 /* ASIHTTPRequest.m in Sources */ = {isa = PBXBuildFile; fileRef = 0A268F34142F98D3009B9780 /* ASIHTTPRequest.m */; };
		0A268F44142F98D3009B9780 /* ASIInputStream.m in Sources */ = {isa = PBXBuildFile; fileRef = 0A268F38142F98D3009B9780 /* ASIInputStream.m */; };
		0A268F45142F98D3009B9780 /* ASINetworkQueue.m in Sources */ = {isa = PBXBuildFile; fileRef = 0A268F3A142F98D3009B9780 /* ASINetworkQueue.m */; };
		0A268F46142F98D3009B9780 /* Reachability.m in Sources */ = {isa = PBXBuildFile; fileRef = 0A268F3D142F98D3009B9780 /* Reachability.m */; };
		0A268F49142F9946009B9780 /* CFNetwork.framework in Frameworks */ = {isa = PBXBuildFile; fileRef = 0A268F47142F9924009B9780 /* CFNetwork.framework */; };
		0A268F4B142F998B009B9780 /* libz.dylib in Frameworks */ = {isa = PBXBuildFile; fileRef = 0A268F4A142F998A009B9780 /* libz.dylib */; };
		0A268F4E142F99DF009B9780 /* MobileCoreServices.framework in Frameworks */ = {isa = PBXBuildFile; fileRef = 0A268F4C142F99B8009B9780 /* MobileCoreServices.framework */; };
		0A268F50142F99E7009B9780 /* SystemConfiguration.framework in Frameworks */ = {isa = PBXBuildFile; fileRef = 0A268F4F142F99E7009B9780 /* SystemConfiguration.framework */; };
		0A268F52142F9AE2009B9780 /* QuartzCore.framework in Frameworks */ = {isa = PBXBuildFile; fileRef = 0A268F51142F9AE2009B9780 /* QuartzCore.framework */; };
		0A56E06A142F0C7F001E9584 /* UIKit.framework in Frameworks */ = {isa = PBXBuildFile; fileRef = 0A56E069142F0C7F001E9584 /* UIKit.framework */; };
		0A56E06C142F0C7F001E9584 /* Foundation.framework in Frameworks */ = {isa = PBXBuildFile; fileRef = 0A56E06B142F0C7F001E9584 /* Foundation.framework */; };
		0A56E06E142F0C7F001E9584 /* CoreGraphics.framework in Frameworks */ = {isa = PBXBuildFile; fileRef = 0A56E06D142F0C7F001E9584 /* CoreGraphics.framework */; };
		0A56E0BA142F0E33001E9584 /* USAppDelegate.m in Sources */ = {isa = PBXBuildFile; fileRef = 0A56E0B9142F0E33001E9584 /* USAppDelegate.m */; };
		0A56E0BD142F0E40001E9584 /* main.m in Sources */ = {isa = PBXBuildFile; fileRef = 0A56E0BB142F0E40001E9584 /* main.m */; };
		0A56E0CF142F11F5001E9584 /* MainWindow.xib in Resources */ = {isa = PBXBuildFile; fileRef = 0A56E0CD142F11F5001E9584 /* MainWindow.xib */; };
		0A56E0D2142F1202001E9584 /* InfoPlist.strings in Resources */ = {isa = PBXBuildFile; fileRef = 0A56E0D0142F1202001E9584 /* InfoPlist.strings */; };
		0A56E0D5142F1216001E9584 /* USTabBarController.m in Sources */ = {isa = PBXBuildFile; fileRef = 0A56E0D4142F1216001E9584 /* USTabBarController.m */; };
		0A56E0DC142F12A0001E9584 /* tabbar_camera_active.png in Resources */ = {isa = PBXBuildFile; fileRef = 0A56E0D8142F12A0001E9584 /* tabbar_camera_active.png */; };
		0A56E0DD142F12A0001E9584 /* tabbar_camera_active@2x.png in Resources */ = {isa = PBXBuildFile; fileRef = 0A56E0D9142F12A0001E9584 /* tabbar_camera_active@2x.png */; };
		0A56E0DE142F12A0001E9584 /* tabbar_camera.png in Resources */ = {isa = PBXBuildFile; fileRef = 0A56E0DA142F12A0001E9584 /* tabbar_camera.png */; };
		0A56E0DF142F12A0001E9584 /* tabbar_camera@2x.png in Resources */ = {isa = PBXBuildFile; fileRef = 0A56E0DB142F12A0001E9584 /* tabbar_camera@2x.png */; };
		0A5906A3142FD0A600017868 /* USDetailEditorView.m in Sources */ = {isa = PBXBuildFile; fileRef = 0A5906A2142FD0A600017868 /* USDetailEditorView.m */; };
		0A5906A7142FD28600017868 /* AssetsLibrary.framework in Frameworks */ = {isa = PBXBuildFile; fileRef = 0A5906A5142FD27800017868 /* AssetsLibrary.framework */; };
		0A77067D143C39FC000E5C97 /* stripBotCap.png in Resources */ = {isa = PBXBuildFile; fileRef = 0A77067B143C39FC000E5C97 /* stripBotCap.png */; };
		0A77067E143C39FC000E5C97 /* stripBotCap@2x.png in Resources */ = {isa = PBXBuildFile; fileRef = 0A77067C143C39FC000E5C97 /* stripBotCap@2x.png */; };
		0AAE171B143C018C007BAC4D /* USPhotoStripController.m in Sources */ = {isa = PBXBuildFile; fileRef = 0AAE1719143C018B007BAC4D /* USPhotoStripController.m */; };
		0AAE171C143C018C007BAC4D /* USPhotoStripController.xib in Resources */ = {isa = PBXBuildFile; fileRef = 0AAE171A143C018B007BAC4D /* USPhotoStripController.xib */; };
		0AAF6110142F20B5004E7BEF /* USMemoriesController.m in Sources */ = {isa = PBXBuildFile; fileRef = 0AAF610E142F20B5004E7BEF /* USMemoriesController.m */; };
		0AAF6115142F20F0004E7BEF /* USMemoriesController.xib in Resources */ = {isa = PBXBuildFile; fileRef = 0AAF6113142F20F0004E7BEF /* USMemoriesController.xib */; };
		0AB48B06143C05C300CFF59F /* strip_background.png in Resources */ = {isa = PBXBuildFile; fileRef = 0AB48B02143C05C300CFF59F /* strip_background.png */; };
		0AB48B07143C05C300CFF59F /* strip_background@2x.png in Resources */ = {isa = PBXBuildFile; fileRef = 0AB48B03143C05C300CFF59F /* strip_background@2x.png */; };
		0AB48B22143C12E600CFF59F /* stripTopCap.png in Resources */ = {isa = PBXBuildFile; fileRef = 0AB48B20143C12E600CFF59F /* stripTopCap.png */; };
		0AB48B23143C12E600CFF59F /* stripTopCap@2x.png in Resources */ = {isa = PBXBuildFile; fileRef = 0AB48B21143C12E600CFF59F /* stripTopCap@2x.png */; };
		0AB48B26143C14DD00CFF59F /* stripBG.png in Resources */ = {isa = PBXBuildFile; fileRef = 0AB48B24143C14DD00CFF59F /* stripBG.png */; };
		0AB48B27143C14DD00CFF59F /* stripBG@2x.png in Resources */ = {isa = PBXBuildFile; fileRef = 0AB48B25143C14DD00CFF59F /* stripBG@2x.png */; };
		0AB5067E142FAC3500651FE7 /* USCameraController.m in Sources */ = {isa = PBXBuildFile; fileRef = 0AB5067C142FAC3500651FE7 /* USCameraController.m */; };
		0AB50682142FAC6700651FE7 /* USCameraController.xib in Resources */ = {isa = PBXBuildFile; fileRef = 0AB50680142FAC6700651FE7 /* USCameraController.xib */; };
		0AB5068D142FB46F00651FE7 /* USSearchResultTableViewCell.xib in Resources */ = {isa = PBXBuildFile; fileRef = 0AB5068B142FB46F00651FE7 /* USSearchResultTableViewCell.xib */; };
		0AB50695142FBE2100651FE7 /* detailEditor_background.png in Resources */ = {isa = PBXBuildFile; fileRef = 0AB50693142FBE2100651FE7 /* detailEditor_background.png */; };
		0AB50696142FBE2100651FE7 /* detailEditor_background@2x.png in Resources */ = {isa = PBXBuildFile; fileRef = 0AB50694142FBE2100651FE7 /* detailEditor_background@2x.png */; };
		0AB50699142FC19000651FE7 /* USDetailEditor.xib in Resources */ = {isa = PBXBuildFile; fileRef = 0AB50697142FC19000651FE7 /* USDetailEditor.xib */; };
		0AB5069D142FCB1700651FE7 /* USTextField.m in Sources */ = {isa = PBXBuildFile; fileRef = 0AB5069C142FCB1700651FE7 /* USTextField.m */; };
		0AB506A1142FCE4A00651FE7 /* textFieldBig.png in Resources */ = {isa = PBXBuildFile; fileRef = 0AB5069F142FCE4A00651FE7 /* textFieldBig.png */; };
		0AB506A2142FCE4A00651FE7 /* textFieldBig@2x.png in Resources */ = {isa = PBXBuildFile; fileRef = 0AB506A0142FCE4A00651FE7 /* textFieldBig@2x.png */; };
		0AB81B55143010DA0009089C /* CoreLocation.framework in Frameworks */ = {isa = PBXBuildFile; fileRef = 0AB81B53143010A60009089C /* CoreLocation.framework */; };
		0AC8E77E143BCB5500D56F34 /* USPhotoChooserView.m in Sources */ = {isa = PBXBuildFile; fileRef = 0AC8E77D143BCB5500D56F34 /* USPhotoChooserView.m */; };
		0AC8E785143BCE8A00D56F34 /* overlay.png in Resources */ = {isa = PBXBuildFile; fileRef = 0AC8E783143BCE8A00D56F34 /* overlay.png */; };
		0AC8E786143BCE8A00D56F34 /* overlay@2x.png in Resources */ = {isa = PBXBuildFile; fileRef = 0AC8E784143BCE8A00D56F34 /* overlay@2x.png */; };
		0AC8E789143BCFD300D56F34 /* chooserBG.png in Resources */ = {isa = PBXBuildFile; fileRef = 0AC8E787143BCFD300D56F34 /* chooserBG.png */; };
		0AC8E78A143BCFD300D56F34 /* chooserBG@2x.png in Resources */ = {isa = PBXBuildFile; fileRef = 0AC8E788143BCFD300D56F34 /* chooserBG@2x.png */; };
		0AC8E78D143BD0FF00D56F34 /* chooserDoneButton.png in Resources */ = {isa = PBXBuildFile; fileRef = 0AC8E78B143BD0FF00D56F34 /* chooserDoneButton.png */; };
		0AC8E78E143BD0FF00D56F34 /* chooserDoneButton@2x.png in Resources */ = {isa = PBXBuildFile; fileRef = 0AC8E78C143BD0FF00D56F34 /* chooserDoneButton@2x.png */; };
		0AE3B65D14303C140000A5F7 /* USMemoryChooser.xib in Resources */ = {isa = PBXBuildFile; fileRef = 0AE3B65B14303C140000A5F7 /* USMemoryChooser.xib */; };
		0AE9CCAD1440BBA300798CB1 /* Facebook.m in Sources */ = {isa = PBXBuildFile; fileRef = 0AE9CCA51440BBA300798CB1 /* Facebook.m */; };
		0AE9CCAE1440BBA300798CB1 /* FBDialog.m in Sources */ = {isa = PBXBuildFile; fileRef = 0AE9CCA81440BBA300798CB1 /* FBDialog.m */; };
		0AE9CCAF1440BBA300798CB1 /* FBLoginDialog.m in Sources */ = {isa = PBXBuildFile; fileRef = 0AE9CCAA1440BBA300798CB1 /* FBLoginDialog.m */; };
		0AE9CCB01440BBA300798CB1 /* FBRequest.m in Sources */ = {isa = PBXBuildFile; fileRef = 0AE9CCAC1440BBA300798CB1 /* FBRequest.m */; };
		0AE9CCB31440BBAB00798CB1 /* FBDialog.bundle in Resources */ = {isa = PBXBuildFile; fileRef = 0AE9CCB21440BBAB00798CB1 /* FBDialog.bundle */; };
		0AE9CCC21440BBBC00798CB1 /* NSObject+SBJSON.m in Sources */ = {isa = PBXBuildFile; fileRef = 0AE9CCB71440BBBC00798CB1 /* NSObject+SBJSON.m */; };
		0AE9CCC31440BBBC00798CB1 /* NSString+SBJSON.m in Sources */ = {isa = PBXBuildFile; fileRef = 0AE9CCB91440BBBC00798CB1 /* NSString+SBJSON.m */; };
		0AE9CCC41440BBBC00798CB1 /* SBJSON.m in Sources */ = {isa = PBXBuildFile; fileRef = 0AE9CCBB1440BBBC00798CB1 /* SBJSON.m */; };
		0AE9CCC51440BBBC00798CB1 /* SBJsonBase.m in Sources */ = {isa = PBXBuildFile; fileRef = 0AE9CCBD1440BBBC00798CB1 /* SBJsonBase.m */; };
		0AE9CCC61440BBBC00798CB1 /* SBJsonParser.m in Sources */ = {isa = PBXBuildFile; fileRef = 0AE9CCBF1440BBBC00798CB1 /* SBJsonParser.m */; };
		0AE9CCC71440BBBC00798CB1 /* SBJsonWriter.m in Sources */ = {isa = PBXBuildFile; fileRef = 0AE9CCC11440BBBC00798CB1 /* SBJsonWriter.m */; };
		0AEADAC61430411500E0265A /* USThumbTableViewCell.m in Sources */ = {isa = PBXBuildFile; fileRef = 0AEADAC51430411500E0265A /* USThumbTableViewCell.m */; };
		0AEADACA143057B000E0265A /* USThumbView.m in Sources */ = {isa = PBXBuildFile; fileRef = 0AEADAC9143057B000E0265A /* USThumbView.m */; };
		0AEADAD114305FC700E0265A /* USMemoryChooserController.m in Sources */ = {isa = PBXBuildFile; fileRef = 0AEADAD014305FC700E0265A /* USMemoryChooserController.m */; };
/* End PBXBuildFile section */

/* Begin PBXFileReference section */
		0A12893A142FE03700FCE4AC /* textFieldMed.png */ = {isa = PBXFileReference; lastKnownFileType = image.png; name = textFieldMed.png; path = Resources/png/FormElements/textFieldMed.png; sourceTree = "<group>"; };
		0A12893B142FE03700FCE4AC /* textFieldMed@2x.png */ = {isa = PBXFileReference; lastKnownFileType = image.png; name = "textFieldMed@2x.png"; path = "Resources/png/FormElements/textFieldMed@2x.png"; sourceTree = "<group>"; };
		0A268F24142F98A0009B9780 /* USPhoto.h */ = {isa = PBXFileReference; fileEncoding = 4; lastKnownFileType = sourcecode.c.h; name = USPhoto.h; path = Classes/Model/USPhoto.h; sourceTree = "<group>"; };
		0A268F25142F98A0009B9780 /* USPhoto.m */ = {isa = PBXFileReference; fileEncoding = 4; lastKnownFileType = sourcecode.c.objc; name = USPhoto.m; path = Classes/Model/USPhoto.m; sourceTree = "<group>"; };
		0A268F28142F98D3009B9780 /* ASIAuthenticationDialog.h */ = {isa = PBXFileReference; fileEncoding = 4; lastKnownFileType = sourcecode.c.h; path = ASIAuthenticationDialog.h; sourceTree = "<group>"; };
		0A268F29142F98D3009B9780 /* ASIAuthenticationDialog.m */ = {isa = PBXFileReference; fileEncoding = 4; lastKnownFileType = sourcecode.c.objc; path = ASIAuthenticationDialog.m; sourceTree = "<group>"; };
		0A268F2A142F98D3009B9780 /* ASICacheDelegate.h */ = {isa = PBXFileReference; fileEncoding = 4; lastKnownFileType = sourcecode.c.h; path = ASICacheDelegate.h; sourceTree = "<group>"; };
		0A268F2B142F98D3009B9780 /* ASIDataCompressor.h */ = {isa = PBXFileReference; fileEncoding = 4; lastKnownFileType = sourcecode.c.h; path = ASIDataCompressor.h; sourceTree = "<group>"; };
		0A268F2C142F98D3009B9780 /* ASIDataCompressor.m */ = {isa = PBXFileReference; fileEncoding = 4; lastKnownFileType = sourcecode.c.objc; path = ASIDataCompressor.m; sourceTree = "<group>"; };
		0A268F2D142F98D3009B9780 /* ASIDataDecompressor.h */ = {isa = PBXFileReference; fileEncoding = 4; lastKnownFileType = sourcecode.c.h; path = ASIDataDecompressor.h; sourceTree = "<group>"; };
		0A268F2E142F98D3009B9780 /* ASIDataDecompressor.m */ = {isa = PBXFileReference; fileEncoding = 4; lastKnownFileType = sourcecode.c.objc; path = ASIDataDecompressor.m; sourceTree = "<group>"; };
		0A268F2F142F98D3009B9780 /* ASIDownloadCache.h */ = {isa = PBXFileReference; fileEncoding = 4; lastKnownFileType = sourcecode.c.h; path = ASIDownloadCache.h; sourceTree = "<group>"; };
		0A268F30142F98D3009B9780 /* ASIDownloadCache.m */ = {isa = PBXFileReference; fileEncoding = 4; lastKnownFileType = sourcecode.c.objc; path = ASIDownloadCache.m; sourceTree = "<group>"; };
		0A268F31142F98D3009B9780 /* ASIFormDataRequest.h */ = {isa = PBXFileReference; fileEncoding = 4; lastKnownFileType = sourcecode.c.h; path = ASIFormDataRequest.h; sourceTree = "<group>"; };
		0A268F32142F98D3009B9780 /* ASIFormDataRequest.m */ = {isa = PBXFileReference; fileEncoding = 4; lastKnownFileType = sourcecode.c.objc; path = ASIFormDataRequest.m; sourceTree = "<group>"; };
		0A268F33142F98D3009B9780 /* ASIHTTPRequest.h */ = {isa = PBXFileReference; fileEncoding = 4; lastKnownFileType = sourcecode.c.h; path = ASIHTTPRequest.h; sourceTree = "<group>"; };
		0A268F34142F98D3009B9780 /* ASIHTTPRequest.m */ = {isa = PBXFileReference; fileEncoding = 4; lastKnownFileType = sourcecode.c.objc; path = ASIHTTPRequest.m; sourceTree = "<group>"; };
		0A268F35142F98D3009B9780 /* ASIHTTPRequestConfig.h */ = {isa = PBXFileReference; fileEncoding = 4; lastKnownFileType = sourcecode.c.h; path = ASIHTTPRequestConfig.h; sourceTree = "<group>"; };
		0A268F36142F98D3009B9780 /* ASIHTTPRequestDelegate.h */ = {isa = PBXFileReference; fileEncoding = 4; lastKnownFileType = sourcecode.c.h; path = ASIHTTPRequestDelegate.h; sourceTree = "<group>"; };
		0A268F37142F98D3009B9780 /* ASIInputStream.h */ = {isa = PBXFileReference; fileEncoding = 4; lastKnownFileType = sourcecode.c.h; path = ASIInputStream.h; sourceTree = "<group>"; };
		0A268F38142F98D3009B9780 /* ASIInputStream.m */ = {isa = PBXFileReference; fileEncoding = 4; lastKnownFileType = sourcecode.c.objc; path = ASIInputStream.m; sourceTree = "<group>"; };
		0A268F39142F98D3009B9780 /* ASINetworkQueue.h */ = {isa = PBXFileReference; fileEncoding = 4; lastKnownFileType = sourcecode.c.h; path = ASINetworkQueue.h; sourceTree = "<group>"; };
		0A268F3A142F98D3009B9780 /* ASINetworkQueue.m */ = {isa = PBXFileReference; fileEncoding = 4; lastKnownFileType = sourcecode.c.objc; path = ASINetworkQueue.m; sourceTree = "<group>"; };
		0A268F3B142F98D3009B9780 /* ASIProgressDelegate.h */ = {isa = PBXFileReference; fileEncoding = 4; lastKnownFileType = sourcecode.c.h; path = ASIProgressDelegate.h; sourceTree = "<group>"; };
		0A268F3C142F98D3009B9780 /* Reachability.h */ = {isa = PBXFileReference; fileEncoding = 4; lastKnownFileType = sourcecode.c.h; path = Reachability.h; sourceTree = "<group>"; };
		0A268F3D142F98D3009B9780 /* Reachability.m */ = {isa = PBXFileReference; fileEncoding = 4; lastKnownFileType = sourcecode.c.objc; path = Reachability.m; sourceTree = "<group>"; };
		0A268F47142F9924009B9780 /* CFNetwork.framework */ = {isa = PBXFileReference; lastKnownFileType = wrapper.framework; name = CFNetwork.framework; path = System/Library/Frameworks/CFNetwork.framework; sourceTree = SDKROOT; };
		0A268F4A142F998A009B9780 /* libz.dylib */ = {isa = PBXFileReference; lastKnownFileType = "compiled.mach-o.dylib"; name = libz.dylib; path = usr/lib/libz.dylib; sourceTree = SDKROOT; };
		0A268F4C142F99B8009B9780 /* MobileCoreServices.framework */ = {isa = PBXFileReference; lastKnownFileType = wrapper.framework; name = MobileCoreServices.framework; path = System/Library/Frameworks/MobileCoreServices.framework; sourceTree = SDKROOT; };
		0A268F4F142F99E7009B9780 /* SystemConfiguration.framework */ = {isa = PBXFileReference; lastKnownFileType = wrapper.framework; name = SystemConfiguration.framework; path = System/Library/Frameworks/SystemConfiguration.framework; sourceTree = SDKROOT; };
		0A268F51142F9AE2009B9780 /* QuartzCore.framework */ = {isa = PBXFileReference; lastKnownFileType = wrapper.framework; name = QuartzCore.framework; path = System/Library/Frameworks/QuartzCore.framework; sourceTree = SDKROOT; };
		0A56E065142F0C7F001E9584 /* Just.app */ = {isa = PBXFileReference; explicitFileType = wrapper.application; includeInIndex = 0; path = Just.app; sourceTree = BUILT_PRODUCTS_DIR; };
		0A56E069142F0C7F001E9584 /* UIKit.framework */ = {isa = PBXFileReference; lastKnownFileType = wrapper.framework; name = UIKit.framework; path = System/Library/Frameworks/UIKit.framework; sourceTree = SDKROOT; };
		0A56E06B142F0C7F001E9584 /* Foundation.framework */ = {isa = PBXFileReference; lastKnownFileType = wrapper.framework; name = Foundation.framework; path = System/Library/Frameworks/Foundation.framework; sourceTree = SDKROOT; };
		0A56E06D142F0C7F001E9584 /* CoreGraphics.framework */ = {isa = PBXFileReference; lastKnownFileType = wrapper.framework; name = CoreGraphics.framework; path = System/Library/Frameworks/CoreGraphics.framework; sourceTree = SDKROOT; };
		0A56E071142F0C7F001E9584 /* Info.plist */ = {isa = PBXFileReference; lastKnownFileType = text.plist.xml; path = Info.plist; sourceTree = "<group>"; };
		0A56E0B8142F0E33001E9584 /* USAppDelegate.h */ = {isa = PBXFileReference; fileEncoding = 4; lastKnownFileType = sourcecode.c.h; name = USAppDelegate.h; path = Classes/Application/USAppDelegate.h; sourceTree = "<group>"; };
		0A56E0B9142F0E33001E9584 /* USAppDelegate.m */ = {isa = PBXFileReference; fileEncoding = 4; lastKnownFileType = sourcecode.c.objc; name = USAppDelegate.m; path = Classes/Application/USAppDelegate.m; sourceTree = "<group>"; };
		0A56E0BB142F0E40001E9584 /* main.m */ = {isa = PBXFileReference; fileEncoding = 4; lastKnownFileType = sourcecode.c.objc; name = main.m; path = Classes/Application/main.m; sourceTree = "<group>"; };
		0A56E0BC142F0E40001E9584 /* Prefix.pch */ = {isa = PBXFileReference; fileEncoding = 4; lastKnownFileType = sourcecode.c.h; name = Prefix.pch; path = Classes/Application/Prefix.pch; sourceTree = "<group>"; };
		0A56E0CE142F11F5001E9584 /* en */ = {isa = PBXFileReference; lastKnownFileType = file.xib; name = en; path = Resources/en.lproj/MainWindow.xib; sourceTree = "<group>"; };
		0A56E0D1142F1202001E9584 /* en */ = {isa = PBXFileReference; lastKnownFileType = text.plist.strings; name = en; path = Resources/en.lproj/InfoPlist.strings; sourceTree = "<group>"; };
		0A56E0D3142F1216001E9584 /* USTabBarController.h */ = {isa = PBXFileReference; fileEncoding = 4; lastKnownFileType = sourcecode.c.h; name = USTabBarController.h; path = Classes/Controller/USTabBarController.h; sourceTree = "<group>"; };
		0A56E0D4142F1216001E9584 /* USTabBarController.m */ = {isa = PBXFileReference; fileEncoding = 4; lastKnownFileType = sourcecode.c.objc; name = USTabBarController.m; path = Classes/Controller/USTabBarController.m; sourceTree = "<group>"; };
		0A56E0D8142F12A0001E9584 /* tabbar_camera_active.png */ = {isa = PBXFileReference; lastKnownFileType = image.png; name = tabbar_camera_active.png; path = Resources/png/TabBarIcons/tabbar_camera_active.png; sourceTree = "<group>"; };
		0A56E0D9142F12A0001E9584 /* tabbar_camera_active@2x.png */ = {isa = PBXFileReference; lastKnownFileType = image.png; name = "tabbar_camera_active@2x.png"; path = "Resources/png/TabBarIcons/tabbar_camera_active@2x.png"; sourceTree = "<group>"; };
		0A56E0DA142F12A0001E9584 /* tabbar_camera.png */ = {isa = PBXFileReference; lastKnownFileType = image.png; name = tabbar_camera.png; path = Resources/png/TabBarIcons/tabbar_camera.png; sourceTree = "<group>"; };
		0A56E0DB142F12A0001E9584 /* tabbar_camera@2x.png */ = {isa = PBXFileReference; lastKnownFileType = image.png; name = "tabbar_camera@2x.png"; path = "Resources/png/TabBarIcons/tabbar_camera@2x.png"; sourceTree = "<group>"; };
		0A5906A1142FD0A600017868 /* USDetailEditorView.h */ = {isa = PBXFileReference; fileEncoding = 4; lastKnownFileType = sourcecode.c.h; name = USDetailEditorView.h; path = Classes/View/USDetailEditorView.h; sourceTree = "<group>"; };
		0A5906A2142FD0A600017868 /* USDetailEditorView.m */ = {isa = PBXFileReference; fileEncoding = 4; lastKnownFileType = sourcecode.c.objc; name = USDetailEditorView.m; path = Classes/View/USDetailEditorView.m; sourceTree = "<group>"; };
		0A5906A5142FD27800017868 /* AssetsLibrary.framework */ = {isa = PBXFileReference; lastKnownFileType = wrapper.framework; name = AssetsLibrary.framework; path = System/Library/Frameworks/AssetsLibrary.framework; sourceTree = SDKROOT; };
		0A77067B143C39FC000E5C97 /* stripBotCap.png */ = {isa = PBXFileReference; lastKnownFileType = image.png; name = stripBotCap.png; path = Resources/png/BackgroundImages/stripBotCap.png; sourceTree = "<group>"; };
		0A77067C143C39FC000E5C97 /* stripBotCap@2x.png */ = {isa = PBXFileReference; lastKnownFileType = image.png; name = "stripBotCap@2x.png"; path = "Resources/png/BackgroundImages/stripBotCap@2x.png"; sourceTree = "<group>"; };
		0AAE1718143C018B007BAC4D /* USPhotoStripController.h */ = {isa = PBXFileReference; fileEncoding = 4; lastKnownFileType = sourcecode.c.h; name = USPhotoStripController.h; path = Classes/Controller/USPhotoStripController.h; sourceTree = "<group>"; };
		0AAE1719143C018B007BAC4D /* USPhotoStripController.m */ = {isa = PBXFileReference; fileEncoding = 4; lastKnownFileType = sourcecode.c.objc; name = USPhotoStripController.m; path = Classes/Controller/USPhotoStripController.m; sourceTree = "<group>"; };
		0AAE171A143C018B007BAC4D /* USPhotoStripController.xib */ = {isa = PBXFileReference; fileEncoding = 4; lastKnownFileType = file.xib; name = USPhotoStripController.xib; path = Classes/Controller/USPhotoStripController.xib; sourceTree = "<group>"; };
		0AAF610D142F20B5004E7BEF /* USMemoriesController.h */ = {isa = PBXFileReference; fileEncoding = 4; lastKnownFileType = sourcecode.c.h; name = USMemoriesController.h; path = Classes/Controller/USMemoriesController.h; sourceTree = "<group>"; };
		0AAF610E142F20B5004E7BEF /* USMemoriesController.m */ = {isa = PBXFileReference; fileEncoding = 4; lastKnownFileType = sourcecode.c.objc; name = USMemoriesController.m; path = Classes/Controller/USMemoriesController.m; sourceTree = "<group>"; };
		0AAF6114142F20F0004E7BEF /* en */ = {isa = PBXFileReference; lastKnownFileType = file.xib; name = en; path = Resources/en.lproj/USMemoriesController.xib; sourceTree = "<group>"; };
		0AB48B02143C05C300CFF59F /* strip_background.png */ = {isa = PBXFileReference; lastKnownFileType = image.png; name = strip_background.png; path = Resources/png/BackgroundImages/strip_background.png; sourceTree = "<group>"; };
		0AB48B03143C05C300CFF59F /* strip_background@2x.png */ = {isa = PBXFileReference; lastKnownFileType = image.png; name = "strip_background@2x.png"; path = "Resources/png/BackgroundImages/strip_background@2x.png"; sourceTree = "<group>"; };
		0AB48B20143C12E600CFF59F /* stripTopCap.png */ = {isa = PBXFileReference; lastKnownFileType = image.png; name = stripTopCap.png; path = Resources/png/BackgroundImages/stripTopCap.png; sourceTree = "<group>"; };
		0AB48B21143C12E600CFF59F /* stripTopCap@2x.png */ = {isa = PBXFileReference; lastKnownFileType = image.png; name = "stripTopCap@2x.png"; path = "Resources/png/BackgroundImages/stripTopCap@2x.png"; sourceTree = "<group>"; };
		0AB48B24143C14DD00CFF59F /* stripBG.png */ = {isa = PBXFileReference; lastKnownFileType = image.png; name = stripBG.png; path = Resources/png/BackgroundImages/stripBG.png; sourceTree = "<group>"; };
		0AB48B25143C14DD00CFF59F /* stripBG@2x.png */ = {isa = PBXFileReference; lastKnownFileType = image.png; name = "stripBG@2x.png"; path = "Resources/png/BackgroundImages/stripBG@2x.png"; sourceTree = "<group>"; };
		0AB5067B142FAC3500651FE7 /* USCameraController.h */ = {isa = PBXFileReference; fileEncoding = 4; lastKnownFileType = sourcecode.c.h; name = USCameraController.h; path = Classes/Controller/USCameraController.h; sourceTree = "<group>"; };
		0AB5067C142FAC3500651FE7 /* USCameraController.m */ = {isa = PBXFileReference; fileEncoding = 4; lastKnownFileType = sourcecode.c.objc; name = USCameraController.m; path = Classes/Controller/USCameraController.m; sourceTree = "<group>"; };
		0AB50681142FAC6700651FE7 /* en */ = {isa = PBXFileReference; lastKnownFileType = file.xib; name = en; path = Resources/en.lproj/USCameraController.xib; sourceTree = "<group>"; };
		0AB5068C142FB46F00651FE7 /* en */ = {isa = PBXFileReference; lastKnownFileType = file.xib; name = en; path = Resources/en.lproj/USSearchResultTableViewCell.xib; sourceTree = "<group>"; };
		0AB50693142FBE2100651FE7 /* detailEditor_background.png */ = {isa = PBXFileReference; lastKnownFileType = image.png; name = detailEditor_background.png; path = Resources/png/BackgroundImages/detailEditor_background.png; sourceTree = "<group>"; };
		0AB50694142FBE2100651FE7 /* detailEditor_background@2x.png */ = {isa = PBXFileReference; lastKnownFileType = image.png; name = "detailEditor_background@2x.png"; path = "Resources/png/BackgroundImages/detailEditor_background@2x.png"; sourceTree = "<group>"; };
		0AB50698142FC19000651FE7 /* en */ = {isa = PBXFileReference; lastKnownFileType = file.xib; name = en; path = Resources/en.lproj/USDetailEditor.xib; sourceTree = "<group>"; };
		0AB5069B142FCB1700651FE7 /* USTextField.h */ = {isa = PBXFileReference; fileEncoding = 4; lastKnownFileType = sourcecode.c.h; name = USTextField.h; path = Classes/View/USTextField.h; sourceTree = "<group>"; };
		0AB5069C142FCB1700651FE7 /* USTextField.m */ = {isa = PBXFileReference; fileEncoding = 4; lastKnownFileType = sourcecode.c.objc; name = USTextField.m; path = Classes/View/USTextField.m; sourceTree = "<group>"; };
		0AB5069F142FCE4A00651FE7 /* textFieldBig.png */ = {isa = PBXFileReference; lastKnownFileType = image.png; name = textFieldBig.png; path = Resources/png/FormElements/textFieldBig.png; sourceTree = "<group>"; };
		0AB506A0142FCE4A00651FE7 /* textFieldBig@2x.png */ = {isa = PBXFileReference; lastKnownFileType = image.png; name = "textFieldBig@2x.png"; path = "Resources/png/FormElements/textFieldBig@2x.png"; sourceTree = "<group>"; };
		0AB81B53143010A60009089C /* CoreLocation.framework */ = {isa = PBXFileReference; lastKnownFileType = wrapper.framework; name = CoreLocation.framework; path = System/Library/Frameworks/CoreLocation.framework; sourceTree = SDKROOT; };
		0AC8E77C143BCB5500D56F34 /* USPhotoChooserView.h */ = {isa = PBXFileReference; fileEncoding = 4; lastKnownFileType = sourcecode.c.h; name = USPhotoChooserView.h; path = Classes/View/USPhotoChooserView.h; sourceTree = "<group>"; };
		0AC8E77D143BCB5500D56F34 /* USPhotoChooserView.m */ = {isa = PBXFileReference; fileEncoding = 4; lastKnownFileType = sourcecode.c.objc; name = USPhotoChooserView.m; path = Classes/View/USPhotoChooserView.m; sourceTree = "<group>"; };
		0AC8E783143BCE8A00D56F34 /* overlay.png */ = {isa = PBXFileReference; lastKnownFileType = image.png; name = overlay.png; path = Resources/png/BackgroundImages/overlay.png; sourceTree = "<group>"; };
		0AC8E784143BCE8A00D56F34 /* overlay@2x.png */ = {isa = PBXFileReference; lastKnownFileType = image.png; name = "overlay@2x.png"; path = "Resources/png/BackgroundImages/overlay@2x.png"; sourceTree = "<group>"; };
		0AC8E787143BCFD300D56F34 /* chooserBG.png */ = {isa = PBXFileReference; lastKnownFileType = image.png; name = chooserBG.png; path = Resources/png/BackgroundImages/chooserBG.png; sourceTree = "<group>"; };
		0AC8E788143BCFD300D56F34 /* chooserBG@2x.png */ = {isa = PBXFileReference; lastKnownFileType = image.png; name = "chooserBG@2x.png"; path = "Resources/png/BackgroundImages/chooserBG@2x.png"; sourceTree = "<group>"; };
		0AC8E78B143BD0FF00D56F34 /* chooserDoneButton.png */ = {isa = PBXFileReference; lastKnownFileType = image.png; name = chooserDoneButton.png; path = Resources/png/FormElements/chooserDoneButton.png; sourceTree = "<group>"; };
		0AC8E78C143BD0FF00D56F34 /* chooserDoneButton@2x.png */ = {isa = PBXFileReference; lastKnownFileType = image.png; name = "chooserDoneButton@2x.png"; path = "Resources/png/FormElements/chooserDoneButton@2x.png"; sourceTree = "<group>"; };
		0AE3B65C14303C140000A5F7 /* en */ = {isa = PBXFileReference; lastKnownFileType = file.xib; name = en; path = Resources/en.lproj/USMemoryChooser.xib; sourceTree = "<group>"; };
		0AE9CCA41440BBA300798CB1 /* Facebook.h */ = {isa = PBXFileReference; fileEncoding = 4; lastKnownFileType = sourcecode.c.h; name = Facebook.h; path = Classes/FBConnect/Facebook.h; sourceTree = "<group>"; };
		0AE9CCA51440BBA300798CB1 /* Facebook.m */ = {isa = PBXFileReference; fileEncoding = 4; lastKnownFileType = sourcecode.c.objc; name = Facebook.m; path = Classes/FBConnect/Facebook.m; sourceTree = "<group>"; };
		0AE9CCA61440BBA300798CB1 /* FBConnect.h */ = {isa = PBXFileReference; fileEncoding = 4; lastKnownFileType = sourcecode.c.h; name = FBConnect.h; path = Classes/FBConnect/FBConnect.h; sourceTree = "<group>"; };
		0AE9CCA71440BBA300798CB1 /* FBDialog.h */ = {isa = PBXFileReference; fileEncoding = 4; lastKnownFileType = sourcecode.c.h; name = FBDialog.h; path = Classes/FBConnect/FBDialog.h; sourceTree = "<group>"; };
		0AE9CCA81440BBA300798CB1 /* FBDialog.m */ = {isa = PBXFileReference; fileEncoding = 4; lastKnownFileType = sourcecode.c.objc; name = FBDialog.m; path = Classes/FBConnect/FBDialog.m; sourceTree = "<group>"; };
		0AE9CCA91440BBA300798CB1 /* FBLoginDialog.h */ = {isa = PBXFileReference; fileEncoding = 4; lastKnownFileType = sourcecode.c.h; name = FBLoginDialog.h; path = Classes/FBConnect/FBLoginDialog.h; sourceTree = "<group>"; };
		0AE9CCAA1440BBA300798CB1 /* FBLoginDialog.m */ = {isa = PBXFileReference; fileEncoding = 4; lastKnownFileType = sourcecode.c.objc; name = FBLoginDialog.m; path = Classes/FBConnect/FBLoginDialog.m; sourceTree = "<group>"; };
		0AE9CCAB1440BBA300798CB1 /* FBRequest.h */ = {isa = PBXFileReference; fileEncoding = 4; lastKnownFileType = sourcecode.c.h; name = FBRequest.h; path = Classes/FBConnect/FBRequest.h; sourceTree = "<group>"; };
		0AE9CCAC1440BBA300798CB1 /* FBRequest.m */ = {isa = PBXFileReference; fileEncoding = 4; lastKnownFileType = sourcecode.c.objc; name = FBRequest.m; path = Classes/FBConnect/FBRequest.m; sourceTree = "<group>"; };
		0AE9CCB21440BBAB00798CB1 /* FBDialog.bundle */ = {isa = PBXFileReference; lastKnownFileType = "wrapper.plug-in"; name = FBDialog.bundle; path = Classes/FBConnect/FBDialog.bundle; sourceTree = "<group>"; };
		0AE9CCB51440BBBC00798CB1 /* JSON.h */ = {isa = PBXFileReference; fileEncoding = 4; lastKnownFileType = sourcecode.c.h; name = JSON.h; path = Classes/FBConnect/JSON/JSON.h; sourceTree = "<group>"; };
		0AE9CCB61440BBBC00798CB1 /* NSObject+SBJSON.h */ = {isa = PBXFileReference; fileEncoding = 4; lastKnownFileType = sourcecode.c.h; name = "NSObject+SBJSON.h"; path = "Classes/FBConnect/JSON/NSObject+SBJSON.h"; sourceTree = "<group>"; };
		0AE9CCB71440BBBC00798CB1 /* NSObject+SBJSON.m */ = {isa = PBXFileReference; fileEncoding = 4; lastKnownFileType = sourcecode.c.objc; name = "NSObject+SBJSON.m"; path = "Classes/FBConnect/JSON/NSObject+SBJSON.m"; sourceTree = "<group>"; };
		0AE9CCB81440BBBC00798CB1 /* NSString+SBJSON.h */ = {isa = PBXFileReference; fileEncoding = 4; lastKnownFileType = sourcecode.c.h; name = "NSString+SBJSON.h"; path = "Classes/FBConnect/JSON/NSString+SBJSON.h"; sourceTree = "<group>"; };
		0AE9CCB91440BBBC00798CB1 /* NSString+SBJSON.m */ = {isa = PBXFileReference; fileEncoding = 4; lastKnownFileType = sourcecode.c.objc; name = "NSString+SBJSON.m"; path = "Classes/FBConnect/JSON/NSString+SBJSON.m"; sourceTree = "<group>"; };
		0AE9CCBA1440BBBC00798CB1 /* SBJSON.h */ = {isa = PBXFileReference; fileEncoding = 4; lastKnownFileType = sourcecode.c.h; name = SBJSON.h; path = Classes/FBConnect/JSON/SBJSON.h; sourceTree = "<group>"; };
		0AE9CCBB1440BBBC00798CB1 /* SBJSON.m */ = {isa = PBXFileReference; fileEncoding = 4; lastKnownFileType = sourcecode.c.objc; name = SBJSON.m; path = Classes/FBConnect/JSON/SBJSON.m; sourceTree = "<group>"; };
		0AE9CCBC1440BBBC00798CB1 /* SBJsonBase.h */ = {isa = PBXFileReference; fileEncoding = 4; lastKnownFileType = sourcecode.c.h; name = SBJsonBase.h; path = Classes/FBConnect/JSON/SBJsonBase.h; sourceTree = "<group>"; };
		0AE9CCBD1440BBBC00798CB1 /* SBJsonBase.m */ = {isa = PBXFileReference; fileEncoding = 4; lastKnownFileType = sourcecode.c.objc; name = SBJsonBase.m; path = Classes/FBConnect/JSON/SBJsonBase.m; sourceTree = "<group>"; };
		0AE9CCBE1440BBBC00798CB1 /* SBJsonParser.h */ = {isa = PBXFileReference; fileEncoding = 4; lastKnownFileType = sourcecode.c.h; name = SBJsonParser.h; path = Classes/FBConnect/JSON/SBJsonParser.h; sourceTree = "<group>"; };
		0AE9CCBF1440BBBC00798CB1 /* SBJsonParser.m */ = {isa = PBXFileReference; fileEncoding = 4; lastKnownFileType = sourcecode.c.objc; name = SBJsonParser.m; path = Classes/FBConnect/JSON/SBJsonParser.m; sourceTree = "<group>"; };
		0AE9CCC01440BBBC00798CB1 /* SBJsonWriter.h */ = {isa = PBXFileReference; fileEncoding = 4; lastKnownFileType = sourcecode.c.h; name = SBJsonWriter.h; path = Classes/FBConnect/JSON/SBJsonWriter.h; sourceTree = "<group>"; };
		0AE9CCC11440BBBC00798CB1 /* SBJsonWriter.m */ = {isa = PBXFileReference; fileEncoding = 4; lastKnownFileType = sourcecode.c.objc; name = SBJsonWriter.m; path = Classes/FBConnect/JSON/SBJsonWriter.m; sourceTree = "<group>"; };
		0AEADAC41430411500E0265A /* USThumbTableViewCell.h */ = {isa = PBXFileReference; fileEncoding = 4; lastKnownFileType = sourcecode.c.h; name = USThumbTableViewCell.h; path = Classes/View/USThumbTableViewCell.h; sourceTree = "<group>"; };
		0AEADAC51430411500E0265A /* USThumbTableViewCell.m */ = {isa = PBXFileReference; fileEncoding = 4; lastKnownFileType = sourcecode.c.objc; name = USThumbTableViewCell.m; path = Classes/View/USThumbTableViewCell.m; sourceTree = "<group>"; };
		0AEADAC8143057B000E0265A /* USThumbView.h */ = {isa = PBXFileReference; fileEncoding = 4; lastKnownFileType = sourcecode.c.h; name = USThumbView.h; path = Classes/View/USThumbView.h; sourceTree = "<group>"; };
		0AEADAC9143057B000E0265A /* USThumbView.m */ = {isa = PBXFileReference; fileEncoding = 4; lastKnownFileType = sourcecode.c.objc; name = USThumbView.m; path = Classes/View/USThumbView.m; sourceTree = "<group>"; };
		0AEADACF14305FC700E0265A /* USMemoryChooserController.h */ = {isa = PBXFileReference; fileEncoding = 4; lastKnownFileType = sourcecode.c.h; name = USMemoryChooserController.h; path = Classes/Controller/USMemoryChooserController.h; sourceTree = "<group>"; };
		0AEADAD014305FC700E0265A /* USMemoryChooserController.m */ = {isa = PBXFileReference; fileEncoding = 4; lastKnownFileType = sourcecode.c.objc; name = USMemoryChooserController.m; path = Classes/Controller/USMemoryChooserController.m; sourceTree = "<group>"; };
/* End PBXFileReference section */

/* Begin PBXFrameworksBuildPhase section */
		0A56E062142F0C7F001E9584 /* Frameworks */ = {
			isa = PBXFrameworksBuildPhase;
			buildActionMask = 2147483647;
			files = (
				0A5906A7142FD28600017868 /* AssetsLibrary.framework in Frameworks */,
				0A268F52142F9AE2009B9780 /* QuartzCore.framework in Frameworks */,
				0A268F49142F9946009B9780 /* CFNetwork.framework in Frameworks */,
				0A56E06E142F0C7F001E9584 /* CoreGraphics.framework in Frameworks */,
				0AB81B55143010DA0009089C /* CoreLocation.framework in Frameworks */,
				0A56E06C142F0C7F001E9584 /* Foundation.framework in Frameworks */,
				0A268F4E142F99DF009B9780 /* MobileCoreServices.framework in Frameworks */,
				0A268F50142F99E7009B9780 /* SystemConfiguration.framework in Frameworks */,
				0A56E06A142F0C7F001E9584 /* UIKit.framework in Frameworks */,
				0A268F4B142F998B009B9780 /* libz.dylib in Frameworks */,
			);
			runOnlyForDeploymentPostprocessing = 0;
		};
/* End PBXFrameworksBuildPhase section */

/* Begin PBXGroup section */
		0A268F22142F9876009B9780 /* Model */ = {
			isa = PBXGroup;
			children = (
				0A268F24142F98A0009B9780 /* USPhoto.h */,
				0A268F25142F98A0009B9780 /* USPhoto.m */,
			);
			name = Model;
			sourceTree = "<group>";
		};
		0A268F27142F98D3009B9780 /* ASIHTTPRequest */ = {
			isa = PBXGroup;
			children = (
				0A268F28142F98D3009B9780 /* ASIAuthenticationDialog.h */,
				0A268F29142F98D3009B9780 /* ASIAuthenticationDialog.m */,
				0A268F2A142F98D3009B9780 /* ASICacheDelegate.h */,
				0A268F2B142F98D3009B9780 /* ASIDataCompressor.h */,
				0A268F2C142F98D3009B9780 /* ASIDataCompressor.m */,
				0A268F2D142F98D3009B9780 /* ASIDataDecompressor.h */,
				0A268F2E142F98D3009B9780 /* ASIDataDecompressor.m */,
				0A268F2F142F98D3009B9780 /* ASIDownloadCache.h */,
				0A268F30142F98D3009B9780 /* ASIDownloadCache.m */,
				0A268F31142F98D3009B9780 /* ASIFormDataRequest.h */,
				0A268F32142F98D3009B9780 /* ASIFormDataRequest.m */,
				0A268F33142F98D3009B9780 /* ASIHTTPRequest.h */,
				0A268F34142F98D3009B9780 /* ASIHTTPRequest.m */,
				0A268F35142F98D3009B9780 /* ASIHTTPRequestConfig.h */,
				0A268F36142F98D3009B9780 /* ASIHTTPRequestDelegate.h */,
				0A268F37142F98D3009B9780 /* ASIInputStream.h */,
				0A268F38142F98D3009B9780 /* ASIInputStream.m */,
				0A268F39142F98D3009B9780 /* ASINetworkQueue.h */,
				0A268F3A142F98D3009B9780 /* ASINetworkQueue.m */,
				0A268F3B142F98D3009B9780 /* ASIProgressDelegate.h */,
				0A268F3C142F98D3009B9780 /* Reachability.h */,
				0A268F3D142F98D3009B9780 /* Reachability.m */,
			);
			name = ASIHTTPRequest;
			path = Classes/ASIHTTPRequest;
			sourceTree = "<group>";
		};
		0A56E05A142F0C7F001E9584 = {
			isa = PBXGroup;
			children = (
				0A56E06F142F0C7F001E9584 /* Just */,
				0A56E068142F0C7F001E9584 /* Frameworks */,
				0A56E066142F0C7F001E9584 /* Products */,
			);
			sourceTree = "<group>";
		};
		0A56E066142F0C7F001E9584 /* Products */ = {
			isa = PBXGroup;
			children = (
				0A56E065142F0C7F001E9584 /* Just.app */,
			);
			name = Products;
			sourceTree = "<group>";
		};
		0A56E068142F0C7F001E9584 /* Frameworks */ = {
			isa = PBXGroup;
			children = (
				0A5906A5142FD27800017868 /* AssetsLibrary.framework */,
				0A268F47142F9924009B9780 /* CFNetwork.framework */,
				0A56E06D142F0C7F001E9584 /* CoreGraphics.framework */,
				0AB81B53143010A60009089C /* CoreLocation.framework */,
				0A56E06B142F0C7F001E9584 /* Foundation.framework */,
				0A268F4C142F99B8009B9780 /* MobileCoreServices.framework */,
				0A56E069142F0C7F001E9584 /* UIKit.framework */,
				0A268F51142F9AE2009B9780 /* QuartzCore.framework */,
				0A268F4F142F99E7009B9780 /* SystemConfiguration.framework */,
				0A268F4A142F998A009B9780 /* libz.dylib */,
			);
			name = Frameworks;
			sourceTree = "<group>";
		};
		0A56E06F142F0C7F001E9584 /* Just */ = {
			isa = PBXGroup;
			children = (
				0A56E0AE142F0DA6001E9584 /* Classes */,
				0A56E0B1142F0DC8001E9584 /* Resources */,
				0A56E070142F0C7F001E9584 /* Supporting Files */,
			);
			path = Just;
			sourceTree = "<group>";
		};
		0A56E070142F0C7F001E9584 /* Supporting Files */ = {
			isa = PBXGroup;
			children = (
				0A56E0BB142F0E40001E9584 /* main.m */,
				0A56E0BC142F0E40001E9584 /* Prefix.pch */,
				0A56E071142F0C7F001E9584 /* Info.plist */,
				0A56E0D0142F1202001E9584 /* InfoPlist.strings */,
			);
			name = "Supporting Files";
			sourceTree = "<group>";
		};
		0A56E0AE142F0DA6001E9584 /* Classes */ = {
			isa = PBXGroup;
			children = (
				0A56E0B0142F0DB2001E9584 /* Application */,
				0A56E0C9142F10F8001E9584 /* Controller */,
				0A268F22142F9876009B9780 /* Model */,
				0AB5069A142FCAEC00651FE7 /* View */,
				0A268F27142F98D3009B9780 /* ASIHTTPRequest */,
				0A7064341440B3270034B4D2 /* FBConnect */,
			);
			name = Classes;
			sourceTree = "<group>";
		};
		0A56E0B0142F0DB2001E9584 /* Application */ = {
			isa = PBXGroup;
			children = (
				0A56E0B8142F0E33001E9584 /* USAppDelegate.h */,
				0A56E0B9142F0E33001E9584 /* USAppDelegate.m */,
			);
			name = Application;
			sourceTree = "<group>";
		};
		0A56E0B1142F0DC8001E9584 /* Resources */ = {
			isa = PBXGroup;
			children = (
				0A56E0D6142F1222001E9584 /* Images */,
				0A56E0B2142F0DD6001E9584 /* XIB */,
			);
			name = Resources;
			sourceTree = "<group>";
		};
		0A56E0B2142F0DD6001E9584 /* XIB */ = {
			isa = PBXGroup;
			children = (
				0A56E0CD142F11F5001E9584 /* MainWindow.xib */,
				0AB50680142FAC6700651FE7 /* USCameraController.xib */,
				0AB50697142FC19000651FE7 /* USDetailEditor.xib */,
				0AAF6113142F20F0004E7BEF /* USMemoriesController.xib */,
				0AE3B65B14303C140000A5F7 /* USMemoryChooser.xib */,
				0AAE171A143C018B007BAC4D /* USPhotoStripController.xib */,
				0AB5068B142FB46F00651FE7 /* USSearchResultTableViewCell.xib */,
			);
			name = XIB;
			sourceTree = "<group>";
		};
		0A56E0C9142F10F8001E9584 /* Controller */ = {
			isa = PBXGroup;
			children = (
				0AB5067B142FAC3500651FE7 /* USCameraController.h */,
				0AB5067C142FAC3500651FE7 /* USCameraController.m */,
				0AEADACF14305FC700E0265A /* USMemoryChooserController.h */,
				0AEADAD014305FC700E0265A /* USMemoryChooserController.m */,
				0AAF610D142F20B5004E7BEF /* USMemoriesController.h */,
				0AAF610E142F20B5004E7BEF /* USMemoriesController.m */,
				0AAE1718143C018B007BAC4D /* USPhotoStripController.h */,
				0AAE1719143C018B007BAC4D /* USPhotoStripController.m */,
				0A56E0D3142F1216001E9584 /* USTabBarController.h */,
				0A56E0D4142F1216001E9584 /* USTabBarController.m */,
			);
			name = Controller;
			sourceTree = "<group>";
		};
		0A56E0D6142F1222001E9584 /* Images */ = {
			isa = PBXGroup;
			children = (
				0AB5069E142FCE1200651FE7 /* Form Elements */,
				0AB50692142FBE1700651FE7 /* Backgrounds */,
				0A56E0D7142F1229001E9584 /* Tab Bar Icons */,
			);
			name = Images;
			sourceTree = "<group>";
		};
		0A56E0D7142F1229001E9584 /* Tab Bar Icons */ = {
			isa = PBXGroup;
			children = (
				0A56E0D8142F12A0001E9584 /* tabbar_camera_active.png */,
				0A56E0D9142F12A0001E9584 /* tabbar_camera_active@2x.png */,
				0A56E0DA142F12A0001E9584 /* tabbar_camera.png */,
				0A56E0DB142F12A0001E9584 /* tabbar_camera@2x.png */,
			);
			name = "Tab Bar Icons";
			sourceTree = "<group>";
		};
		0A7064341440B3270034B4D2 /* FBConnect */ = {
			isa = PBXGroup;
			children = (
				0AE9CCB41440BBB200798CB1 /* JSON */,
				0AE9CCB21440BBAB00798CB1 /* FBDialog.bundle */,
				0AE9CCA41440BBA300798CB1 /* Facebook.h */,
				0AE9CCA51440BBA300798CB1 /* Facebook.m */,
				0AE9CCA61440BBA300798CB1 /* FBConnect.h */,
				0AE9CCA71440BBA300798CB1 /* FBDialog.h */,
				0AE9CCA81440BBA300798CB1 /* FBDialog.m */,
				0AE9CCA91440BBA300798CB1 /* FBLoginDialog.h */,
				0AE9CCAA1440BBA300798CB1 /* FBLoginDialog.m */,
				0AE9CCAB1440BBA300798CB1 /* FBRequest.h */,
				0AE9CCAC1440BBA300798CB1 /* FBRequest.m */,
			);
			name = FBConnect;
			sourceTree = "<group>";
		};
		0AB50692142FBE1700651FE7 /* Backgrounds */ = {
			isa = PBXGroup;
			children = (
				0AC8E787143BCFD300D56F34 /* chooserBG.png */,
				0AC8E788143BCFD300D56F34 /* chooserBG@2x.png */,
				0AB50693142FBE2100651FE7 /* detailEditor_background.png */,
				0AB50694142FBE2100651FE7 /* detailEditor_background@2x.png */,
				0AC8E783143BCE8A00D56F34 /* overlay.png */,
				0AC8E784143BCE8A00D56F34 /* overlay@2x.png */,
				0AB48B02143C05C300CFF59F /* strip_background.png */,
				0AB48B03143C05C300CFF59F /* strip_background@2x.png */,
				0AB48B24143C14DD00CFF59F /* stripBG.png */,
				0AB48B25143C14DD00CFF59F /* stripBG@2x.png */,
				0A77067B143C39FC000E5C97 /* stripBotCap.png */,
				0A77067C143C39FC000E5C97 /* stripBotCap@2x.png */,
				0AB48B20143C12E600CFF59F /* stripTopCap.png */,
				0AB48B21143C12E600CFF59F /* stripTopCap@2x.png */,
			);
			name = Backgrounds;
			sourceTree = "<group>";
		};
		0AB5069A142FCAEC00651FE7 /* View */ = {
			isa = PBXGroup;
			children = (
				0A5906A1142FD0A600017868 /* USDetailEditorView.h */,
				0A5906A2142FD0A600017868 /* USDetailEditorView.m */,
				0AC8E77C143BCB5500D56F34 /* USPhotoChooserView.h */,
				0AC8E77D143BCB5500D56F34 /* USPhotoChooserView.m */,
				0AB5069B142FCB1700651FE7 /* USTextField.h */,
				0AB5069C142FCB1700651FE7 /* USTextField.m */,
				0AEADAC41430411500E0265A /* USThumbTableViewCell.h */,
				0AEADAC51430411500E0265A /* USThumbTableViewCell.m */,
				0AEADAC8143057B000E0265A /* USThumbView.h */,
				0AEADAC9143057B000E0265A /* USThumbView.m */,
			);
			name = View;
			sourceTree = "<group>";
		};
		0AB5069E142FCE1200651FE7 /* Form Elements */ = {
			isa = PBXGroup;
			children = (
				0AC8E78B143BD0FF00D56F34 /* chooserDoneButton.png */,
				0AC8E78C143BD0FF00D56F34 /* chooserDoneButton@2x.png */,
				0AB5069F142FCE4A00651FE7 /* textFieldBig.png */,
				0AB506A0142FCE4A00651FE7 /* textFieldBig@2x.png */,
				0A12893A142FE03700FCE4AC /* textFieldMed.png */,
				0A12893B142FE03700FCE4AC /* textFieldMed@2x.png */,
			);
			name = "Form Elements";
			sourceTree = "<group>";
		};
		0AE9CCB41440BBB200798CB1 /* JSON */ = {
			isa = PBXGroup;
			children = (
				0AE9CCB51440BBBC00798CB1 /* JSON.h */,
				0AE9CCB61440BBBC00798CB1 /* NSObject+SBJSON.h */,
				0AE9CCB71440BBBC00798CB1 /* NSObject+SBJSON.m */,
				0AE9CCB81440BBBC00798CB1 /* NSString+SBJSON.h */,
				0AE9CCB91440BBBC00798CB1 /* NSString+SBJSON.m */,
				0AE9CCBA1440BBBC00798CB1 /* SBJSON.h */,
				0AE9CCBB1440BBBC00798CB1 /* SBJSON.m */,
				0AE9CCBC1440BBBC00798CB1 /* SBJsonBase.h */,
				0AE9CCBD1440BBBC00798CB1 /* SBJsonBase.m */,
				0AE9CCBE1440BBBC00798CB1 /* SBJsonParser.h */,
				0AE9CCBF1440BBBC00798CB1 /* SBJsonParser.m */,
				0AE9CCC01440BBBC00798CB1 /* SBJsonWriter.h */,
				0AE9CCC11440BBBC00798CB1 /* SBJsonWriter.m */,
			);
			name = JSON;
			sourceTree = "<group>";
		};
/* End PBXGroup section */

/* Begin PBXNativeTarget section */
		0A56E064142F0C7F001E9584 /* Just */ = {
			isa = PBXNativeTarget;
			buildConfigurationList = 0A56E0A3142F0C80001E9584 /* Build configuration list for PBXNativeTarget "Just" */;
			buildPhases = (
				0A56E061142F0C7F001E9584 /* Sources */,
				0A56E062142F0C7F001E9584 /* Frameworks */,
				0A56E063142F0C7F001E9584 /* Resources */,
			);
			buildRules = (
			);
			dependencies = (
			);
			name = Just;
			productName = Just;
			productReference = 0A56E065142F0C7F001E9584 /* Just.app */;
			productType = "com.apple.product-type.application";
		};
/* End PBXNativeTarget section */

/* Begin PBXProject section */
		0A56E05C142F0C7F001E9584 /* Project object */ = {
			isa = PBXProject;
			attributes = {
				LastUpgradeCheck = 0420;
				ORGANIZATIONNAME = "Pixar Animation Studios";
			};
			buildConfigurationList = 0A56E05F142F0C7F001E9584 /* Build configuration list for PBXProject "Just" */;
			compatibilityVersion = "Xcode 3.2";
			developmentRegion = English;
			hasScannedForEncodings = 0;
			knownRegions = (
				en,
			);
			mainGroup = 0A56E05A142F0C7F001E9584;
			productRefGroup = 0A56E066142F0C7F001E9584 /* Products */;
			projectDirPath = "";
			projectRoot = "";
			targets = (
				0A56E064142F0C7F001E9584 /* Just */,
			);
		};
/* End PBXProject section */

/* Begin PBXResourcesBuildPhase section */
		0A56E063142F0C7F001E9584 /* Resources */ = {
			isa = PBXResourcesBuildPhase;
			buildActionMask = 2147483647;
			files = (
				0A56E0CF142F11F5001E9584 /* MainWindow.xib in Resources */,
				0A56E0D2142F1202001E9584 /* InfoPlist.strings in Resources */,
				0A56E0DC142F12A0001E9584 /* tabbar_camera_active.png in Resources */,
				0A56E0DD142F12A0001E9584 /* tabbar_camera_active@2x.png in Resources */,
				0A56E0DE142F12A0001E9584 /* tabbar_camera.png in Resources */,
				0A56E0DF142F12A0001E9584 /* tabbar_camera@2x.png in Resources */,
				0AAF6115142F20F0004E7BEF /* USMemoriesController.xib in Resources */,
				0AB50682142FAC6700651FE7 /* USCameraController.xib in Resources */,
				0AB5068D142FB46F00651FE7 /* USSearchResultTableViewCell.xib in Resources */,
				0AB50695142FBE2100651FE7 /* detailEditor_background.png in Resources */,
				0AB50696142FBE2100651FE7 /* detailEditor_background@2x.png in Resources */,
				0AB50699142FC19000651FE7 /* USDetailEditor.xib in Resources */,
				0AB506A1142FCE4A00651FE7 /* textFieldBig.png in Resources */,
				0AB506A2142FCE4A00651FE7 /* textFieldBig@2x.png in Resources */,
				0A12893C142FE03700FCE4AC /* textFieldMed.png in Resources */,
				0A12893D142FE03700FCE4AC /* textFieldMed@2x.png in Resources */,
				0AE3B65D14303C140000A5F7 /* USMemoryChooser.xib in Resources */,
				0AC8E785143BCE8A00D56F34 /* overlay.png in Resources */,
				0AC8E786143BCE8A00D56F34 /* overlay@2x.png in Resources */,
				0AC8E789143BCFD300D56F34 /* chooserBG.png in Resources */,
				0AC8E78A143BCFD300D56F34 /* chooserBG@2x.png in Resources */,
				0AC8E78D143BD0FF00D56F34 /* chooserDoneButton.png in Resources */,
				0AC8E78E143BD0FF00D56F34 /* chooserDoneButton@2x.png in Resources */,
				0AAE171C143C018C007BAC4D /* USPhotoStripController.xib in Resources */,
				0AB48B06143C05C300CFF59F /* strip_background.png in Resources */,
				0AB48B07143C05C300CFF59F /* strip_background@2x.png in Resources */,
				0AB48B22143C12E600CFF59F /* stripTopCap.png in Resources */,
				0AB48B23143C12E600CFF59F /* stripTopCap@2x.png in Resources */,
				0AB48B26143C14DD00CFF59F /* stripBG.png in Resources */,
				0AB48B27143C14DD00CFF59F /* stripBG@2x.png in Resources */,
				0A77067D143C39FC000E5C97 /* stripBotCap.png in Resources */,
				0A77067E143C39FC000E5C97 /* stripBotCap@2x.png in Resources */,
				0AE9CCB31440BBAB00798CB1 /* FBDialog.bundle in Resources */,
			);
			runOnlyForDeploymentPostprocessing = 0;
		};
/* End PBXResourcesBuildPhase section */

/* Begin PBXSourcesBuildPhase section */
		0A56E061142F0C7F001E9584 /* Sources */ = {
			isa = PBXSourcesBuildPhase;
			buildActionMask = 2147483647;
			files = (
				0A56E0BA142F0E33001E9584 /* USAppDelegate.m in Sources */,
				0A56E0BD142F0E40001E9584 /* main.m in Sources */,
				0A56E0D5142F1216001E9584 /* USTabBarController.m in Sources */,
				0AAF6110142F20B5004E7BEF /* USMemoriesController.m in Sources */,
				0A268F26142F98A0009B9780 /* USPhoto.m in Sources */,
				0A268F3E142F98D3009B9780 /* ASIAuthenticationDialog.m in Sources */,
				0A268F3F142F98D3009B9780 /* ASIDataCompressor.m in Sources */,
				0A268F40142F98D3009B9780 /* ASIDataDecompressor.m in Sources */,
				0A268F41142F98D3009B9780 /* ASIDownloadCache.m in Sources */,
				0A268F42142F98D3009B9780 /* ASIFormDataRequest.m in Sources */,
				0A268F43142F98D3009B9780 /* ASIHTTPRequest.m in Sources */,
				0A268F44142F98D3009B9780 /* ASIInputStream.m in Sources */,
				0A268F45142F98D3009B9780 /* ASINetworkQueue.m in Sources */,
				0A268F46142F98D3009B9780 /* Reachability.m in Sources */,
				0AB5067E142FAC3500651FE7 /* USCameraController.m in Sources */,
				0AB5069D142FCB1700651FE7 /* USTextField.m in Sources */,
				0A5906A3142FD0A600017868 /* USDetailEditorView.m in Sources */,
				0AEADAC61430411500E0265A /* USThumbTableViewCell.m in Sources */,
				0AEADACA143057B000E0265A /* USThumbView.m in Sources */,
				0AEADAD114305FC700E0265A /* USMemoryChooserController.m in Sources */,
				0AC8E77E143BCB5500D56F34 /* USPhotoChooserView.m in Sources */,
				0AAE171B143C018C007BAC4D /* USPhotoStripController.m in Sources */,
				0AE9CCAD1440BBA300798CB1 /* Facebook.m in Sources */,
				0AE9CCAE1440BBA300798CB1 /* FBDialog.m in Sources */,
				0AE9CCAF1440BBA300798CB1 /* FBLoginDialog.m in Sources */,
				0AE9CCB01440BBA300798CB1 /* FBRequest.m in Sources */,
				0AE9CCC21440BBBC00798CB1 /* NSObject+SBJSON.m in Sources */,
				0AE9CCC31440BBBC00798CB1 /* NSString+SBJSON.m in Sources */,
				0AE9CCC41440BBBC00798CB1 /* SBJSON.m in Sources */,
				0AE9CCC51440BBBC00798CB1 /* SBJsonBase.m in Sources */,
				0AE9CCC61440BBBC00798CB1 /* SBJsonParser.m in Sources */,
				0AE9CCC71440BBBC00798CB1 /* SBJsonWriter.m in Sources */,
			);
			runOnlyForDeploymentPostprocessing = 0;
		};
/* End PBXSourcesBuildPhase section */

/* Begin PBXVariantGroup section */
		0A56E0CD142F11F5001E9584 /* MainWindow.xib */ = {
			isa = PBXVariantGroup;
			children = (
				0A56E0CE142F11F5001E9584 /* en */,
			);
			name = MainWindow.xib;
			sourceTree = "<group>";
		};
		0A56E0D0142F1202001E9584 /* InfoPlist.strings */ = {
			isa = PBXVariantGroup;
			children = (
				0A56E0D1142F1202001E9584 /* en */,
			);
			name = InfoPlist.strings;
			sourceTree = "<group>";
		};
		0AAF6113142F20F0004E7BEF /* USMemoriesController.xib */ = {
			isa = PBXVariantGroup;
			children = (
				0AAF6114142F20F0004E7BEF /* en */,
			);
			name = USMemoriesController.xib;
			sourceTree = "<group>";
		};
		0AB50680142FAC6700651FE7 /* USCameraController.xib */ = {
			isa = PBXVariantGroup;
			children = (
				0AB50681142FAC6700651FE7 /* en */,
			);
			name = USCameraController.xib;
			sourceTree = "<group>";
		};
		0AB5068B142FB46F00651FE7 /* USSearchResultTableViewCell.xib */ = {
			isa = PBXVariantGroup;
			children = (
				0AB5068C142FB46F00651FE7 /* en */,
			);
			name = USSearchResultTableViewCell.xib;
			sourceTree = "<group>";
		};
		0AB50697142FC19000651FE7 /* USDetailEditor.xib */ = {
			isa = PBXVariantGroup;
			children = (
				0AB50698142FC19000651FE7 /* en */,
			);
			name = USDetailEditor.xib;
			sourceTree = "<group>";
		};
		0AE3B65B14303C140000A5F7 /* USMemoryChooser.xib */ = {
			isa = PBXVariantGroup;
			children = (
				0AE3B65C14303C140000A5F7 /* en */,
			);
			name = USMemoryChooser.xib;
			sourceTree = "<group>";
		};
/* End PBXVariantGroup section */

/* Begin XCBuildConfiguration section */
		0A56E0A1142F0C80001E9584 /* Debug */ = {
			isa = XCBuildConfiguration;
			buildSettings = {
				ALWAYS_SEARCH_USER_PATHS = NO;
				ARCHS = "$(ARCHS_STANDARD_32_BIT)";
				"CODE_SIGN_IDENTITY[sdk=iphoneos*]" = "iPhone Developer";
				COPY_PHASE_STRIP = NO;
				GCC_C_LANGUAGE_STANDARD = gnu99;
				GCC_DYNAMIC_NO_PIC = NO;
				GCC_OPTIMIZATION_LEVEL = 0;
				GCC_PREPROCESSOR_DEFINITIONS = (
					"DEBUG=1",
					"$(inherited)",
				);
				GCC_SYMBOLS_PRIVATE_EXTERN = NO;
				GCC_VERSION = com.apple.compilers.llvmgcc42;
				GCC_WARN_ABOUT_MISSING_PROTOTYPES = YES;
				GCC_WARN_ABOUT_RETURN_TYPE = YES;
				GCC_WARN_UNUSED_VARIABLE = YES;
				IPHONEOS_DEPLOYMENT_TARGET = 4.3;
				SDKROOT = iphoneos;
			};
			name = Debug;
		};
		0A56E0A2142F0C80001E9584 /* Release */ = {
			isa = XCBuildConfiguration;
			buildSettings = {
				ALWAYS_SEARCH_USER_PATHS = NO;
				ARCHS = "$(ARCHS_STANDARD_32_BIT)";
				"CODE_SIGN_IDENTITY[sdk=iphoneos*]" = "iPhone Developer";
				COPY_PHASE_STRIP = YES;
				GCC_C_LANGUAGE_STANDARD = gnu99;
				GCC_VERSION = com.apple.compilers.llvmgcc42;
				GCC_WARN_ABOUT_MISSING_PROTOTYPES = YES;
				GCC_WARN_ABOUT_RETURN_TYPE = YES;
				GCC_WARN_UNUSED_VARIABLE = YES;
				IPHONEOS_DEPLOYMENT_TARGET = 4.3;
				OTHER_CFLAGS = "-DNS_BLOCK_ASSERTIONS=1";
				SDKROOT = iphoneos;
				VALIDATE_PRODUCT = YES;
			};
			name = Release;
		};
		0A56E0A4142F0C80001E9584 /* Debug */ = {
			isa = XCBuildConfiguration;
			buildSettings = {
				GCC_PRECOMPILE_PREFIX_HEADER = YES;
				GCC_PREFIX_HEADER = Just/Classes/Application/Prefix.pch;
				GCC_VERSION = com.apple.compilers.llvm.clang.1_0;
				INFOPLIST_FILE = Just/Info.plist;
				IPHONEOS_DEPLOYMENT_TARGET = 3.1.3;
				PRODUCT_NAME = "$(TARGET_NAME)";
				SDKROOT = iphoneos;
				WRAPPER_EXTENSION = app;
			};
			name = Debug;
		};
		0A56E0A5142F0C80001E9584 /* Release */ = {
			isa = XCBuildConfiguration;
			buildSettings = {
				GCC_PRECOMPILE_PREFIX_HEADER = YES;
				GCC_PREFIX_HEADER = Just/Classes/Application/Prefix.pch;
				GCC_VERSION = com.apple.compilers.llvm.clang.1_0;
				INFOPLIST_FILE = Just/Info.plist;
				IPHONEOS_DEPLOYMENT_TARGET = 3.1.3;
				PRODUCT_NAME = "$(TARGET_NAME)";
				SDKROOT = iphoneos;
				WRAPPER_EXTENSION = app;
			};
			name = Release;
		};
/* End XCBuildConfiguration section */

/* Begin XCConfigurationList section */
		0A56E05F142F0C7F001E9584 /* Build configuration list for PBXProject "Just" */ = {
			isa = XCConfigurationList;
			buildConfigurations = (
				0A56E0A1142F0C80001E9584 /* Debug */,
				0A56E0A2142F0C80001E9584 /* Release */,
			);
			defaultConfigurationIsVisible = 0;
			defaultConfigurationName = Release;
		};
		0A56E0A3142F0C80001E9584 /* Build configuration list for PBXNativeTarget "Just" */ = {
			isa = XCConfigurationList;
			buildConfigurations = (
				0A56E0A4142F0C80001E9584 /* Debug */,
				0A56E0A5142F0C80001E9584 /* Release */,
			);
			defaultConfigurationIsVisible = 0;
			defaultConfigurationName = Release;
		};
/* End XCConfigurationList section */
	};
	rootObject = 0A56E05C142F0C7F001E9584 /* Project object */;
}
